
Microsoft Visual Studio Solution File, Format Version 12.00
# Visual Studio Version 17
VisualStudioVersion = 17.9.34723.18
MinimumVisualStudioVersion = 10.0.40219.1
Project("{FAE04EC0-301F-11D3-BF4B-00C04F79EFBC}") = "LibrarySystemAPI", "LibrarySystemAPI\LibrarySystemAPI.csproj", "{B6EA50C3-CE5B-4A52-B903-46779174A277}"
EndProject
Global
	GlobalSection(SolutionConfigurationPlatforms) = preSolution
		Debug|Any CPU = Debug|Any CPU
		Release|Any CPU = Release|Any CPU
	EndGlobalSection
	GlobalSection(ProjectConfigurationPlatforms) = postSolution
		{B6EA50C3-CE5B-4A52-B903-46779174A277}.Debug|Any CPU.ActiveCfg = Debug|Any CPU
		{B6EA50C3-CE5B-4A52-B903-46779174A277}.Debug|Any CPU.Build.0 = Debug|Any CPU
		{B6EA50C3-CE5B-4A52-B903-46779174A277}.Release|Any CPU.ActiveCfg = Release|Any CPU
		{B6EA50C3-CE5B-4A52-B903-46779174A277}.Release|Any CPU.Build.0 = Release|Any CPU
	EndGlobalSection
	GlobalSection(SolutionProperties) = preSolution
		HideSolutionNode = FALSE
	EndGlobalSection
	GlobalSection(ExtensibilityGlobals) = postSolution
		SolutionGuid = {E04E943C-C767-44F1-82C1-921109211FC0}
	EndGlobalSection
EndGlobal
